
Microsoft Visual Studio Solution File, Format Version 12.00
# Visual Studio Version 16
VisualStudioVersion = 16.0.30413.136
MinimumVisualStudioVersion = 10.0.40219.1
Project("{8BC9CEB8-8B4A-11D0-8D11-00A0C91BC942}") = "steel-data-ingestion", "Project1\Project1.vcxproj", "{53DFE64B-4634-4C8D-AA78-E3122E447746}"
	ProjectSection(ProjectDependencies) = postProject
		{89F74085-0A9A-49A8-AE2B-C6B27C56F3FF} = {89F74085-0A9A-49A8-AE2B-C6B27C56F3FF}
		{93C745BE-D010-46D6-9900-D84EBD255894} = {93C745BE-D010-46D6-9900-D84EBD255894}
	EndProjectSection
EndProject
Project("{8BC9CEB8-8B4A-11D0-8D11-00A0C91BC942}") = "ProcessDataDisplay", "ProcessDataDisplay\ProcessDataDisplay.vcxproj", "{93C745BE-D010-46D6-9900-D84EBD255894}"
EndProject
Project("{8BC9CEB8-8B4A-11D0-8D11-00A0C91BC942}") = "StreepDefectDisplay", "StreepDefectDisplay\StreepDefectDisplay.vcxproj", "{89F74085-0A9A-49A8-AE2B-C6B27C56F3FF}"
EndProject
Global
	GlobalSection(SolutionConfigurationPlatforms) = preSolution
		Debug|Win32 = Debug|Win32
		Debug|x64 = Debug|x64
		Debug|x86 = Debug|x86
		Release|Win32 = Release|Win32
		Release|x64 = Release|x64
		Release|x86 = Release|x86
	EndGlobalSection
	GlobalSection(ProjectConfigurationPlatforms) = postSolution
		{53DFE64B-4634-4C8D-AA78-E3122E447746}.Debug|Win32.ActiveCfg = Debug|Win32
		{53DFE64B-4634-4C8D-AA78-E3122E447746}.Debug|Win32.Build.0 = Debug|Win32
		{53DFE64B-4634-4C8D-AA78-E3122E447746}.Debug|x64.ActiveCfg = Debug|Win32
		{53DFE64B-4634-4C8D-AA78-E3122E447746}.Debug|x64.Build.0 = Debug|Win32
		{53DFE64B-4634-4C8D-AA78-E3122E447746}.Debug|x86.ActiveCfg = Debug|Win32
		{53DFE64B-4634-4C8D-AA78-E3122E447746}.Debug|x86.Build.0 = Debug|Win32
		{53DFE64B-4634-4C8D-AA78-E3122E447746}.Release|Win32.ActiveCfg = Release|Win32
		{53DFE64B-4634-4C8D-AA78-E3122E447746}.Release|Win32.Build.0 = Release|Win32
		{53DFE64B-4634-4C8D-AA78-E3122E447746}.Release|x64.ActiveCfg = Release|x64
		{53DFE64B-4634-4C8D-AA78-E3122E447746}.Release|x64.Build.0 = Release|x64
		{53DFE64B-4634-4C8D-AA78-E3122E447746}.Release|x86.ActiveCfg = Release|Win32
		{53DFE64B-4634-4C8D-AA78-E3122E447746}.Release|x86.Build.0 = Release|Win32
		{93C745BE-D010-46D6-9900-D84EBD255894}.Debug|Win32.ActiveCfg = Debug|Win32
		{93C745BE-D010-46D6-9900-D84EBD255894}.Debug|Win32.Build.0 = Debug|Win32
		{93C745BE-D010-46D6-9900-D84EBD255894}.Debug|x64.ActiveCfg = Debug|x64
		{93C745BE-D010-46D6-9900-D84EBD255894}.Debug|x64.Build.0 = Debug|x64
		{93C745BE-D010-46D6-9900-D84EBD255894}.Debug|x86.ActiveCfg = Debug|Win32
		{93C745BE-D010-46D6-9900-D84EBD255894}.Debug|x86.Build.0 = Debug|Win32
		{93C745BE-D010-46D6-9900-D84EBD255894}.Release|Win32.ActiveCfg = Release|Win32
		{93C745BE-D010-46D6-9900-D84EBD255894}.Release|Win32.Build.0 = Release|Win32
		{93C745BE-D010-46D6-9900-D84EBD255894}.Release|x64.ActiveCfg = Release|x64
		{93C745BE-D010-46D6-9900-D84EBD255894}.Release|x64.Build.0 = Release|x64
		{93C745BE-D010-46D6-9900-D84EBD255894}.Release|x86.ActiveCfg = Release|Win32
		{93C745BE-D010-46D6-9900-D84EBD255894}.Release|x86.Build.0 = Release|Win32
		{89F74085-0A9A-49A8-AE2B-C6B27C56F3FF}.Debug|Win32.ActiveCfg = Debug|Win32
		{89F74085-0A9A-49A8-AE2B-C6B27C56F3FF}.Debug|Win32.Build.0 = Debug|Win32
		{89F74085-0A9A-49A8-AE2B-C6B27C56F3FF}.Debug|x64.ActiveCfg = Debug|x64
		{89F74085-0A9A-49A8-AE2B-C6B27C56F3FF}.Debug|x64.Build.0 = Debug|x64
		{89F74085-0A9A-49A8-AE2B-C6B27C56F3FF}.Debug|x86.ActiveCfg = Debug|Win32
		{89F74085-0A9A-49A8-AE2B-C6B27C56F3FF}.Debug|x86.Build.0 = Debug|Win32
		{89F74085-0A9A-49A8-AE2B-C6B27C56F3FF}.Release|Win32.ActiveCfg = Release|Win32
		{89F74085-0A9A-49A8-AE2B-C6B27C56F3FF}.Release|Win32.Build.0 = Release|Win32
		{89F74085-0A9A-49A8-AE2B-C6B27C56F3FF}.Release|x64.ActiveCfg = Release|x64
		{89F74085-0A9A-49A8-AE2B-C6B27C56F3FF}.Release|x64.Build.0 = Release|x64
		{89F74085-0A9A-49A8-AE2B-C6B27C56F3FF}.Release|x86.ActiveCfg = Release|Win32
		{89F74085-0A9A-49A8-AE2B-C6B27C56F3FF}.Release|x86.Build.0 = Release|Win32
	EndGlobalSection
	GlobalSection(SolutionProperties) = preSolution
		HideSolutionNode = FALSE
	EndGlobalSection
	GlobalSection(ExtensibilityGlobals) = postSolution
		SolutionGuid = {5B06187E-210F-44C8-875D-E3D145C21B62}
	EndGlobalSection
EndGlobal
